{
    "version": 3,
    "terraform_version": "0.11.7",
    "serial": 21,
    "lineage": "c8ca9683-d6b1-1930-37b1-66869c8775c0",
    "modules": [
        {
            "path": [
                "root"
            ],
            "outputs": {},
            "resources": {
                "aws_ami_from_instance.wp_golden": {
                    "type": "aws_ami_from_instance",
                    "depends_on": [
                        "aws_instance.wp_dev",
                        "aws_s3_bucket.code",
                        "random_id.golden_ami"
                    ],
                    "primary": {
                        "id": "ami-4ca9d834",
                        "attributes": {
                            "architecture": "x86_64",
                            "description": "",
                            "ebs_block_device.#": "1",
                            "ebs_block_device.2850661065.delete_on_termination": "true",
                            "ebs_block_device.2850661065.device_name": "/dev/xvda",
                            "ebs_block_device.2850661065.encrypted": "false",
                            "ebs_block_device.2850661065.iops": "0",
                            "ebs_block_device.2850661065.snapshot_id": "snap-00cc1872d05d5ffd0",
                            "ebs_block_device.2850661065.volume_size": "8",
                            "ebs_block_device.2850661065.volume_type": "gp2",
                            "ephemeral_block_device.#": "0",
                            "id": "ami-4ca9d834",
                            "image_location": "985613799520/wp_ami-SmtV",
                            "kernel_id": "",
                            "manage_ebs_snapshots": "true",
                            "name": "wp_ami-SmtV",
                            "ramdisk_id": "",
                            "root_device_name": "/dev/xvda",
                            "root_snapshot_id": "snap-00cc1872d05d5ffd0",
                            "source_instance_id": "i-0eaf86f1558afc1b0",
                            "sriov_net_support": "simple",
                            "tags.%": "0",
                            "virtualization_type": "hvm"
                        },
                        "meta": {
                            "e2bfb730-ecaa-11e6-8f88-34363bc7c4c0": {
                                "create": 2400000000000,
                                "delete": 5400000000000,
                                "update": 2400000000000
                            }
                        },
                        "tainted": false
                    },
                    "deposed": [],
                    "provider": "provider.aws"
                },
                "aws_autoscaling_group.wp_asg": {
                    "type": "aws_autoscaling_group",
                    "depends_on": [
                        "aws_elb.wp_elb",
                        "aws_launch_configuration.wp_lc",
                        "aws_subnet.wp_private1_subnet",
                        "aws_subnet.wp_private2_subnet"
                    ],
                    "primary": {
                        "id": "asg-wp_lc-20180509031418698700000002",
                        "attributes": {
                            "arn": "arn:aws:autoscaling:us-west-2:985613799520:autoScalingGroup:698d12e3-4235-461d-9998-d6af3c0b2ff7:autoScalingGroupName/asg-wp_lc-20180509031418698700000002",
                            "availability_zones.#": "2",
                            "availability_zones.221770259": "us-west-2b",
                            "availability_zones.2487133097": "us-west-2a",
                            "default_cooldown": "300",
                            "desired_capacity": "2",
                            "force_delete": "true",
                            "health_check_grace_period": "300",
                            "health_check_type": "EC2",
                            "id": "asg-wp_lc-20180509031418698700000002",
                            "launch_configuration": "wp_lc-20180509031418698700000002",
                            "load_balancers.#": "1",
                            "load_balancers.3534677354": "vikycloudcomputinginfo-elb",
                            "max_size": "2",
                            "metrics_granularity": "1Minute",
                            "min_size": "1",
                            "name": "asg-wp_lc-20180509031418698700000002",
                            "placement_group": "",
                            "protect_from_scale_in": "false",
                            "suspended_processes.#": "0",
                            "tag.#": "1",
                            "tag.673706737.key": "Name",
                            "tag.673706737.propagate_at_launch": "true",
                            "tag.673706737.value": "wp_asg-instance",
                            "target_group_arns.#": "0",
                            "termination_policies.#": "0",
                            "vpc_zone_identifier.#": "2",
                            "vpc_zone_identifier.130893840": "subnet-0a893d41",
                            "vpc_zone_identifier.2004200563": "subnet-2a8f0553",
                            "wait_for_capacity_timeout": "10m"
                        },
                        "meta": {
                            "e2bfb730-ecaa-11e6-8f88-34363bc7c4c0": {
                                "delete": 600000000000
                            }
                        },
                        "tainted": false
                    },
                    "deposed": [],
                    "provider": "provider.aws"
                },
                "aws_db_instance.wp_db": {
                    "type": "aws_db_instance",
                    "depends_on": [
                        "aws_db_subnet_group.wp_rds_subnetgroup",
                        "aws_security_group.wp_rds_sg"
                    ],
                    "primary": {
                        "id": "terraform-20180509030807982900000001",
                        "attributes": {
                            "address": "terraform-20180509030807982900000001.cjd0wjlayemi.us-west-2.rds.amazonaws.com",
                            "allocated_storage": "10",
                            "arn": "arn:aws:rds:us-west-2:985613799520:db:terraform-20180509030807982900000001",
                            "auto_minor_version_upgrade": "true",
                            "availability_zone": "us-west-2a",
                            "backup_retention_period": "0",
                            "backup_window": "11:41-12:11",
                            "ca_cert_identifier": "rds-ca-2015",
                            "copy_tags_to_snapshot": "false",
                            "db_subnet_group_name": "wp_rds_subnetgroup",
                            "endpoint": "terraform-20180509030807982900000001.cjd0wjlayemi.us-west-2.rds.amazonaws.com:3306",
                            "engine": "mysql",
                            "engine_version": "5.6.27",
                            "hosted_zone_id": "Z1PVIF0B656C1W",
                            "iam_database_authentication_enabled": "false",
                            "id": "terraform-20180509030807982900000001",
                            "identifier": "terraform-20180509030807982900000001",
                            "instance_class": "db.t2.micro",
                            "iops": "0",
                            "kms_key_id": "",
                            "license_model": "general-public-license",
                            "maintenance_window": "sat:08:40-sat:09:10",
                            "monitoring_interval": "0",
                            "multi_az": "false",
                            "name": "wpmysqldb",
                            "option_group_name": "default:mysql-5-6",
                            "parameter_group_name": "default.mysql5.6",
                            "password": "wpmysqlpassword",
                            "port": "3306",
                            "publicly_accessible": "false",
                            "replicas.#": "0",
                            "replicate_source_db": "",
                            "resource_id": "db-WWNDKO5W7AU5YNGQGZMIDKKC4I",
                            "security_group_names.#": "0",
                            "skip_final_snapshot": "true",
                            "status": "available",
                            "storage_encrypted": "false",
                            "storage_type": "standard",
                            "tags.%": "0",
                            "timezone": "",
                            "username": "wpmysqluser",
                            "vpc_security_group_ids.#": "1",
                            "vpc_security_group_ids.4033931916": "sg-9b595be5"
                        },
                        "meta": {
                            "e2bfb730-ecaa-11e6-8f88-34363bc7c4c0": {
                                "create": 2400000000000,
                                "delete": 2400000000000,
                                "update": 4800000000000
                            }
                        },
                        "tainted": false
                    },
                    "deposed": [],
                    "provider": "provider.aws"
                },
                "aws_db_subnet_group.wp_rds_subnetgroup": {
                    "type": "aws_db_subnet_group",
                    "depends_on": [
                        "aws_subnet.wp_rds1_subnet",
                        "aws_subnet.wp_rds2_subnet",
                        "aws_subnet.wp_rds3_subnet"
                    ],
                    "primary": {
                        "id": "wp_rds_subnetgroup",
                        "attributes": {
                            "arn": "arn:aws:rds:us-west-2:985613799520:subgrp:wp_rds_subnetgroup",
                            "description": "Managed by Terraform",
                            "id": "wp_rds_subnetgroup",
                            "name": "wp_rds_subnetgroup",
                            "subnet_ids.#": "3",
                            "subnet_ids.1535616978": "subnet-4f8a3e04",
                            "subnet_ids.2208915769": "subnet-1efe9244",
                            "subnet_ids.236827459": "subnet-ed8e0494",
                            "tags.%": "1",
                            "tags.Name": "wp_rds_sng"
                        },
                        "meta": {},
                        "tainted": false
                    },
                    "deposed": [],
                    "provider": "provider.aws"
                },
                "aws_default_route_table.wp_private_rt": {
                    "type": "aws_default_route_table",
                    "depends_on": [
                        "aws_vpc.wp_vpc"
                    ],
                    "primary": {
                        "id": "rtb-00013678",
                        "attributes": {
                            "default_route_table_id": "rtb-00013678",
                            "id": "rtb-00013678",
                            "propagating_vgws.#": "0",
                            "route.#": "0",
                            "tags.%": "1",
                            "tags.Name": "wp_default_rt_private",
                            "vpc_id": "vpc-949eb5ed"
                        },
                        "meta": {},
                        "tainted": false
                    },
                    "deposed": [],
                    "provider": "provider.aws"
                },
                "aws_elb.wp_elb": {
                    "type": "aws_elb",
                    "depends_on": [
                        "aws_security_group.wp_public_sg",
                        "aws_subnet.wp_public1_subnet",
                        "aws_subnet.wp_public2_subnet"
                    ],
                    "primary": {
                        "id": "vikycloudcomputinginfo-elb",
                        "attributes": {
                            "access_logs.#": "0",
                            "arn": "arn:aws:elasticloadbalancing:us-west-2:985613799520:loadbalancer/vikycloudcomputinginfo-elb",
                            "availability_zones.#": "2",
                            "availability_zones.221770259": "us-west-2b",
                            "availability_zones.2487133097": "us-west-2a",
                            "connection_draining": "true",
                            "connection_draining_timeout": "400",
                            "cross_zone_load_balancing": "true",
                            "dns_name": "vikycloudcomputinginfo-elb-1025869553.us-west-2.elb.amazonaws.com",
                            "health_check.#": "1",
                            "health_check.0.healthy_threshold": "2",
                            "health_check.0.interval": "30",
                            "health_check.0.target": "TCP:80",
                            "health_check.0.timeout": "3",
                            "health_check.0.unhealthy_threshold": "2",
                            "id": "vikycloudcomputinginfo-elb",
                            "idle_timeout": "400",
                            "instances.#": "0",
                            "internal": "false",
                            "listener.#": "1",
                            "listener.3057123346.instance_port": "80",
                            "listener.3057123346.instance_protocol": "http",
                            "listener.3057123346.lb_port": "80",
                            "listener.3057123346.lb_protocol": "http",
                            "listener.3057123346.ssl_certificate_id": "",
                            "name": "vikycloudcomputinginfo-elb",
                            "security_groups.#": "1",
                            "security_groups.4274618591": "sg-2a555754",
                            "source_security_group": "985613799520/wp_public_sg",
                            "source_security_group_id": "sg-2a555754",
                            "subnets.#": "2",
                            "subnets.2481925698": "subnet-858a3ece",
                            "subnets.3093322328": "subnet-0b830972",
                            "tags.%": "1",
                            "tags.Name": "wp_vikycloudcomputinginfo_elb",
                            "zone_id": "Z1H1FL5HABSF5"
                        },
                        "meta": {},
                        "tainted": false
                    },
                    "deposed": [],
                    "provider": "provider.aws"
                },
                "aws_iam_instance_profile.s3_access_profile": {
                    "type": "aws_iam_instance_profile",
                    "depends_on": [
                        "aws_iam_role.s3_access_role"
                    ],
                    "primary": {
                        "id": "s3_access_profile",
                        "attributes": {
                            "arn": "arn:aws:iam::985613799520:instance-profile/s3_access_profile",
                            "id": "s3_access_profile",
                            "name": "s3_access_profile",
                            "path": "/",
                            "role": "s3_access_role",
                            "roles.#": "0",
                            "unique_id": "AIPAIAM6M3KF4HTVWN6R6"
                        },
                        "meta": {},
                        "tainted": false
                    },
                    "deposed": [],
                    "provider": "provider.aws"
                },
                "aws_iam_role.s3_access_role": {
                    "type": "aws_iam_role",
                    "depends_on": [],
                    "primary": {
                        "id": "s3_access_role",
                        "attributes": {
                            "arn": "arn:aws:iam::985613799520:role/s3_access_role",
                            "assume_role_policy": "{\"Version\":\"2012-10-17\",\"Statement\":[{\"Sid\":\"\",\"Effect\":\"Allow\",\"Principal\":{\"Service\":\"ec2.amazonaws.com\"},\"Action\":\"sts:AssumeRole\"}]}",
                            "create_date": "2018-05-09T03:07:59Z",
                            "force_detach_policies": "false",
                            "id": "s3_access_role",
                            "name": "s3_access_role",
                            "path": "/",
                            "unique_id": "AROAIKD3U6OUIKBX65NEA"
                        },
                        "meta": {},
                        "tainted": false
                    },
                    "deposed": [],
                    "provider": "provider.aws"
                },
                "aws_iam_role_policy.s3_access_policy": {
                    "type": "aws_iam_role_policy",
                    "depends_on": [
                        "aws_iam_role.s3_access_role"
                    ],
                    "primary": {
                        "id": "s3_access_role:s3_access_policy",
                        "attributes": {
                            "id": "s3_access_role:s3_access_policy",
                            "name": "s3_access_policy",
                            "policy": "{\n  \"Version\": \"2012-10-17\",\n  \"Statement\": [\n    {\n      \"Effect\": \"Allow\",\n      \"Action\": \"s3:*\",\n      \"Resource\": \"*\"\n    }\n   ]\n}\n",
                            "role": "s3_access_role"
                        },
                        "meta": {},
                        "tainted": false
                    },
                    "deposed": [],
                    "provider": "provider.aws"
                },
                "aws_instance.wp_dev": {
                    "type": "aws_instance",
                    "depends_on": [
                        "aws_iam_instance_profile.s3_access_profile",
                        "aws_key_pair.wp_auth",
                        "aws_s3_bucket.code",
                        "aws_security_group.wp_dev_sg",
                        "aws_subnet.wp_public1_subnet"
                    ],
                    "primary": {
                        "id": "i-0eaf86f1558afc1b0",
                        "attributes": {
                            "ami": "ami-6b8cef13",
                            "associate_public_ip_address": "true",
                            "availability_zone": "us-west-2a",
                            "disable_api_termination": "false",
                            "ebs_block_device.#": "0",
                            "ebs_optimized": "false",
                            "ephemeral_block_device.#": "0",
                            "iam_instance_profile": "s3_access_profile",
                            "id": "i-0eaf86f1558afc1b0",
                            "instance_state": "running",
                            "instance_type": "t2.micro",
                            "ipv6_addresses.#": "0",
                            "key_name": "id_rsa",
                            "monitoring": "false",
                            "network_interface.#": "0",
                            "network_interface_id": "eni-c45474cd",
                            "primary_network_interface_id": "eni-c45474cd",
                            "private_dns": "ip-10-0-0-8.us-west-2.compute.internal",
                            "private_ip": "10.0.0.8",
                            "public_dns": "ec2-52-26-92-165.us-west-2.compute.amazonaws.com",
                            "public_ip": "52.26.92.165",
                            "root_block_device.#": "1",
                            "root_block_device.0.delete_on_termination": "true",
                            "root_block_device.0.iops": "100",
                            "root_block_device.0.volume_size": "8",
                            "root_block_device.0.volume_type": "gp2",
                            "security_groups.#": "0",
                            "source_dest_check": "true",
                            "subnet_id": "subnet-858a3ece",
                            "tags.%": "1",
                            "tags.Name": "wp_dev",
                            "tenancy": "default",
                            "volume_tags.%": "0",
                            "vpc_security_group_ids.#": "1",
                            "vpc_security_group_ids.2414662192": "sg-b8585ac6"
                        },
                        "meta": {
                            "e2bfb730-ecaa-11e6-8f88-34363bc7c4c0": {
                                "create": 600000000000,
                                "delete": 600000000000,
                                "update": 600000000000
                            },
                            "schema_version": "1"
                        },
                        "tainted": false
                    },
                    "deposed": [],
                    "provider": "provider.aws"
                },
                "aws_internet_gateway.wp_internet_gateway": {
                    "type": "aws_internet_gateway",
                    "depends_on": [
                        "aws_vpc.wp_vpc"
                    ],
                    "primary": {
                        "id": "igw-e959208f",
                        "attributes": {
                            "id": "igw-e959208f",
                            "tags.%": "1",
                            "tags.Name": "wp_igw",
                            "vpc_id": "vpc-949eb5ed"
                        },
                        "meta": {},
                        "tainted": false
                    },
                    "deposed": [],
                    "provider": "provider.aws"
                },
                "aws_key_pair.wp_auth": {
                    "type": "aws_key_pair",
                    "depends_on": [],
                    "primary": {
                        "id": "id_rsa",
                        "attributes": {
                            "id": "id_rsa",
                            "key_name": "id_rsa",
                            "public_key": "ssh-rsa AAAAB3NzaC1yc2EAAAADAQABAAABAQDjzqke+OSo6gqaeEM73t4995df8a4Ixqx12uHktEXUpRACcpQ1RabbE696wMaui4amyC0HUHS7GNaTE1+2xxK3k79vdVkqIfPE8auTNPMEcoG63qUmonaiuEEbrPTB1gMDX7yt8ud5e5Vhf6DPMOaXM/1yQpcBoEM2Kzr98Zwy7edpOKXNZ+m4jjyFgO/a58jq09AYsuv7rAWp948Wik0tHHFxVjPZxokMGuov5LmrV+v2alXEayDNedMYyQoaLGayekeEQ/097bFlN0PtU5G2kSq5gyxCqoPplhYQLt0H0Q+1v4rEmD71BYfB+50+3pSAogBg9KXD9ArzAc1C6KKL vikaspalakurthi@vikass-mbp.gsm1900.org"
                        },
                        "meta": {
                            "schema_version": "1"
                        },
                        "tainted": false
                    },
                    "deposed": [],
                    "provider": "provider.aws"
                },
                "aws_launch_configuration.wp_lc": {
                    "type": "aws_launch_configuration",
                    "depends_on": [
                        "aws_ami_from_instance.wp_golden",
                        "aws_iam_instance_profile.s3_access_profile",
                        "aws_key_pair.wp_auth",
                        "aws_security_group.wp_private_sg"
                    ],
                    "primary": {
                        "id": "wp_lc-20180509031418698700000002",
                        "attributes": {
                            "associate_public_ip_address": "false",
                            "ebs_block_device.#": "0",
                            "ebs_optimized": "false",
                            "enable_monitoring": "true",
                            "ephemeral_block_device.#": "0",
                            "iam_instance_profile": "s3_access_profile",
                            "id": "wp_lc-20180509031418698700000002",
                            "image_id": "ami-4ca9d834",
                            "instance_type": "t2.micro",
                            "key_name": "id_rsa",
                            "name": "wp_lc-20180509031418698700000002",
                            "name_prefix": "wp_lc-",
                            "root_block_device.#": "0",
                            "security_groups.#": "1",
                            "security_groups.4289095195": "sg-dd5b59a3",
                            "spot_price": "",
                            "user_data": "5508be1b0f0ee395ad8943bcb0c3dfa3484108f7",
                            "vpc_classic_link_id": "",
                            "vpc_classic_link_security_groups.#": "0"
                        },
                        "meta": {},
                        "tainted": false
                    },
                    "deposed": [],
                    "provider": "provider.aws"
                },
                "aws_route53_record.db": {
                    "type": "aws_route53_record",
                    "depends_on": [
                        "aws_db_instance.wp_db",
                        "aws_route53_zone.secondary"
                    ],
                    "primary": {
                        "id": "Z3A6JXB39MFDDP_db.vikycloudcomputinginfo.com_CNAME",
                        "attributes": {
                            "fqdn": "db.vikycloudcomputinginfo.com",
                            "health_check_id": "",
                            "id": "Z3A6JXB39MFDDP_db.vikycloudcomputinginfo.com_CNAME",
                            "name": "db.vikycloudcomputinginfo.com",
                            "records.#": "1",
                            "records.392056016": "terraform-20180509030807982900000001.cjd0wjlayemi.us-west-2.rds.amazonaws.com",
                            "set_identifier": "",
                            "ttl": "300",
                            "type": "CNAME",
                            "zone_id": "Z3A6JXB39MFDDP"
                        },
                        "meta": {
                            "schema_version": "2"
                        },
                        "tainted": false
                    },
                    "deposed": [],
                    "provider": "provider.aws"
                },
                "aws_route53_record.dev": {
                    "type": "aws_route53_record",
                    "depends_on": [
                        "aws_instance.wp_dev",
                        "aws_route53_zone.primary"
                    ],
                    "primary": {
                        "id": "ZKHEK3IFO3T7O_dev.vikycloudcomputinginfo.com_A",
                        "attributes": {
                            "fqdn": "dev.vikycloudcomputinginfo.com",
                            "health_check_id": "",
                            "id": "ZKHEK3IFO3T7O_dev.vikycloudcomputinginfo.com_A",
                            "name": "dev.vikycloudcomputinginfo.com",
                            "records.#": "1",
                            "records.1213532629": "52.26.92.165",
                            "set_identifier": "",
                            "ttl": "300",
                            "type": "A",
                            "zone_id": "ZKHEK3IFO3T7O"
                        },
                        "meta": {
                            "schema_version": "2"
                        },
                        "tainted": false
                    },
                    "deposed": [],
                    "provider": "provider.aws"
                },
                "aws_route53_record.www": {
                    "type": "aws_route53_record",
                    "depends_on": [
                        "aws_elb.wp_elb",
                        "aws_route53_zone.primary"
                    ],
                    "primary": {
                        "id": "ZKHEK3IFO3T7O_www.vikycloudcomputinginfo.com_A",
                        "attributes": {
                            "alias.#": "1",
                            "alias.1422640360.evaluate_target_health": "false",
                            "alias.1422640360.name": "vikycloudcomputinginfo-elb-1025869553.us-west-2.elb.amazonaws.com",
                            "alias.1422640360.zone_id": "Z1H1FL5HABSF5",
                            "fqdn": "www.vikycloudcomputinginfo.com",
                            "health_check_id": "",
                            "id": "ZKHEK3IFO3T7O_www.vikycloudcomputinginfo.com_A",
                            "name": "www.vikycloudcomputinginfo.com",
                            "records.#": "0",
                            "set_identifier": "",
                            "ttl": "0",
                            "type": "A",
                            "zone_id": "ZKHEK3IFO3T7O"
                        },
                        "meta": {
                            "schema_version": "2"
                        },
                        "tainted": false
                    },
                    "deposed": [],
                    "provider": "provider.aws"
                },
                "aws_route53_zone.primary": {
                    "type": "aws_route53_zone",
                    "depends_on": [],
                    "primary": {
                        "id": "ZKHEK3IFO3T7O",
                        "attributes": {
                            "comment": "Managed by Terraform",
                            "delegation_set_id": "NQ02DAN1UYN6L",
                            "force_destroy": "false",
                            "id": "ZKHEK3IFO3T7O",
                            "name": "vikycloudcomputinginfo.com",
                            "name_servers.#": "4",
                            "name_servers.0": "ns-1321.awsdns-37.org",
                            "name_servers.1": "ns-1933.awsdns-49.co.uk",
                            "name_servers.2": "ns-232.awsdns-29.com",
                            "name_servers.3": "ns-933.awsdns-52.net",
                            "tags.%": "0",
                            "zone_id": "ZKHEK3IFO3T7O"
                        },
                        "meta": {},
                        "tainted": false
                    },
                    "deposed": [],
                    "provider": "provider.aws"
                },
                "aws_route53_zone.secondary": {
                    "type": "aws_route53_zone",
                    "depends_on": [
                        "aws_vpc.wp_vpc"
                    ],
                    "primary": {
                        "id": "Z3A6JXB39MFDDP",
                        "attributes": {
                            "comment": "Managed by Terraform",
                            "force_destroy": "false",
                            "id": "Z3A6JXB39MFDDP",
                            "name": "vikycloudcomputinginfo.com",
                            "name_servers.#": "4",
                            "name_servers.0": "ns-0.awsdns-00.com.",
                            "name_servers.1": "ns-1024.awsdns-00.org.",
                            "name_servers.2": "ns-1536.awsdns-00.co.uk.",
                            "name_servers.3": "ns-512.awsdns-00.net.",
                            "tags.%": "0",
                            "vpc_id": "vpc-949eb5ed",
                            "vpc_region": "us-west-2",
                            "zone_id": "Z3A6JXB39MFDDP"
                        },
                        "meta": {},
                        "tainted": false
                    },
                    "deposed": [],
                    "provider": "provider.aws"
                },
                "aws_route_table.wp_public_rt": {
                    "type": "aws_route_table",
                    "depends_on": [
                        "aws_internet_gateway.wp_internet_gateway",
                        "aws_vpc.wp_vpc"
                    ],
                    "primary": {
                        "id": "rtb-570d3a2f",
                        "attributes": {
                            "id": "rtb-570d3a2f",
                            "propagating_vgws.#": "0",
                            "route.#": "1",
                            "route.827831556.cidr_block": "0.0.0.0/0",
                            "route.827831556.egress_only_gateway_id": "",
                            "route.827831556.gateway_id": "igw-e959208f",
                            "route.827831556.instance_id": "",
                            "route.827831556.ipv6_cidr_block": "",
                            "route.827831556.nat_gateway_id": "",
                            "route.827831556.network_interface_id": "",
                            "route.827831556.vpc_peering_connection_id": "",
                            "tags.%": "1",
                            "tags.Name": "wp_public_rt",
                            "vpc_id": "vpc-949eb5ed"
                        },
                        "meta": {},
                        "tainted": false
                    },
                    "deposed": [],
                    "provider": "provider.aws"
                },
                "aws_route_table_association.wp_private1_assoc": {
                    "type": "aws_route_table_association",
                    "depends_on": [
                        "aws_default_route_table.wp_private_rt",
                        "aws_subnet.wp_private1_subnet"
                    ],
                    "primary": {
                        "id": "rtbassoc-26ce985c",
                        "attributes": {
                            "id": "rtbassoc-26ce985c",
                            "route_table_id": "rtb-00013678",
                            "subnet_id": "subnet-0a893d41"
                        },
                        "meta": {},
                        "tainted": false
                    },
                    "deposed": [],
                    "provider": "provider.aws"
                },
                "aws_route_table_association.wp_private2_assoc": {
                    "type": "aws_route_table_association",
                    "depends_on": [
                        "aws_default_route_table.wp_private_rt",
                        "aws_subnet.wp_private2_subnet"
                    ],
                    "primary": {
                        "id": "rtbassoc-21ce985b",
                        "attributes": {
                            "id": "rtbassoc-21ce985b",
                            "route_table_id": "rtb-00013678",
                            "subnet_id": "subnet-2a8f0553"
                        },
                        "meta": {},
                        "tainted": false
                    },
                    "deposed": [],
                    "provider": "provider.aws"
                },
                "aws_route_table_association.wp_pubilc1_assoc": {
                    "type": "aws_route_table_association",
                    "depends_on": [
                        "aws_route_table.wp_public_rt",
                        "aws_subnet.wp_public1_subnet"
                    ],
                    "primary": {
                        "id": "rtbassoc-24ce985e",
                        "attributes": {
                            "id": "rtbassoc-24ce985e",
                            "route_table_id": "rtb-570d3a2f",
                            "subnet_id": "subnet-858a3ece"
                        },
                        "meta": {},
                        "tainted": false
                    },
                    "deposed": [],
                    "provider": "provider.aws"
                },
                "aws_route_table_association.wp_pubilc2_assoc": {
                    "type": "aws_route_table_association",
                    "depends_on": [
                        "aws_route_table.wp_public_rt",
                        "aws_subnet.wp_public2_subnet"
                    ],
                    "primary": {
                        "id": "rtbassoc-86cd9bfc",
                        "attributes": {
                            "id": "rtbassoc-86cd9bfc",
                            "route_table_id": "rtb-570d3a2f",
                            "subnet_id": "subnet-0b830972"
                        },
                        "meta": {},
                        "tainted": false
                    },
                    "deposed": [],
                    "provider": "provider.aws"
                },
                "aws_s3_bucket.code": {
                    "type": "aws_s3_bucket",
                    "depends_on": [
                        "random_id.wp_code_bucket"
                    ],
                    "primary": {
                        "id": "vikycloudcomputinginfo-56211",
                        "attributes": {
                            "acceleration_status": "",
                            "acl": "private",
                            "arn": "arn:aws:s3:::vikycloudcomputinginfo-56211",
                            "bucket": "vikycloudcomputinginfo-56211",
                            "bucket_domain_name": "vikycloudcomputinginfo-56211.s3.amazonaws.com",
                            "force_destroy": "true",
                            "hosted_zone_id": "Z3BJ6K6RIION7M",
                            "id": "vikycloudcomputinginfo-56211",
                            "logging.#": "0",
                            "region": "us-west-2",
                            "request_payer": "BucketOwner",
                            "tags.%": "1",
                            "tags.Name": "code bucket",
                            "versioning.#": "1",
                            "versioning.0.enabled": "false",
                            "versioning.0.mfa_delete": "false",
                            "website.#": "0"
                        },
                        "meta": {},
                        "tainted": false
                    },
                    "deposed": [],
                    "provider": "provider.aws"
                },
                "aws_security_group.wp_dev_sg": {
                    "type": "aws_security_group",
                    "depends_on": [
                        "aws_vpc.wp_vpc"
                    ],
                    "primary": {
                        "id": "sg-b8585ac6",
                        "attributes": {
                            "description": "Used for access to the dev instance",
                            "egress.#": "1",
                            "egress.482069346.cidr_blocks.#": "1",
                            "egress.482069346.cidr_blocks.0": "0.0.0.0/0",
                            "egress.482069346.description": "",
                            "egress.482069346.from_port": "0",
                            "egress.482069346.ipv6_cidr_blocks.#": "0",
                            "egress.482069346.prefix_list_ids.#": "0",
                            "egress.482069346.protocol": "-1",
                            "egress.482069346.security_groups.#": "0",
                            "egress.482069346.self": "false",
                            "egress.482069346.to_port": "0",
                            "id": "sg-b8585ac6",
                            "ingress.#": "2",
                            "ingress.2214680975.cidr_blocks.#": "1",
                            "ingress.2214680975.cidr_blocks.0": "0.0.0.0/0",
                            "ingress.2214680975.description": "",
                            "ingress.2214680975.from_port": "80",
                            "ingress.2214680975.ipv6_cidr_blocks.#": "0",
                            "ingress.2214680975.protocol": "tcp",
                            "ingress.2214680975.security_groups.#": "0",
                            "ingress.2214680975.self": "false",
                            "ingress.2214680975.to_port": "80",
                            "ingress.2541437006.cidr_blocks.#": "1",
                            "ingress.2541437006.cidr_blocks.0": "0.0.0.0/0",
                            "ingress.2541437006.description": "",
                            "ingress.2541437006.from_port": "22",
                            "ingress.2541437006.ipv6_cidr_blocks.#": "0",
                            "ingress.2541437006.protocol": "tcp",
                            "ingress.2541437006.security_groups.#": "0",
                            "ingress.2541437006.self": "false",
                            "ingress.2541437006.to_port": "22",
                            "name": "wp_dev_sg",
                            "owner_id": "985613799520",
                            "revoke_rules_on_delete": "false",
                            "tags.%": "0",
                            "vpc_id": "vpc-949eb5ed"
                        },
                        "meta": {
                            "schema_version": "1"
                        },
                        "tainted": false
                    },
                    "deposed": [],
                    "provider": "provider.aws"
                },
                "aws_security_group.wp_private_sg": {
                    "type": "aws_security_group",
                    "depends_on": [
                        "aws_vpc.wp_vpc"
                    ],
                    "primary": {
                        "id": "sg-dd5b59a3",
                        "attributes": {
                            "description": "Used by private instances",
                            "egress.#": "1",
                            "egress.482069346.cidr_blocks.#": "1",
                            "egress.482069346.cidr_blocks.0": "0.0.0.0/0",
                            "egress.482069346.description": "",
                            "egress.482069346.from_port": "0",
                            "egress.482069346.ipv6_cidr_blocks.#": "0",
                            "egress.482069346.prefix_list_ids.#": "0",
                            "egress.482069346.protocol": "-1",
                            "egress.482069346.security_groups.#": "0",
                            "egress.482069346.self": "false",
                            "egress.482069346.to_port": "0",
                            "id": "sg-dd5b59a3",
                            "ingress.#": "1",
                            "ingress.1960698028.cidr_blocks.#": "1",
                            "ingress.1960698028.cidr_blocks.0": "10.0.0.0/16",
                            "ingress.1960698028.description": "",
                            "ingress.1960698028.from_port": "0",
                            "ingress.1960698028.ipv6_cidr_blocks.#": "0",
                            "ingress.1960698028.protocol": "-1",
                            "ingress.1960698028.security_groups.#": "0",
                            "ingress.1960698028.self": "false",
                            "ingress.1960698028.to_port": "0",
                            "name": "wp_private_sg",
                            "owner_id": "985613799520",
                            "revoke_rules_on_delete": "false",
                            "tags.%": "0",
                            "vpc_id": "vpc-949eb5ed"
                        },
                        "meta": {
                            "schema_version": "1"
                        },
                        "tainted": false
                    },
                    "deposed": [],
                    "provider": "provider.aws"
                },
                "aws_security_group.wp_public_sg": {
                    "type": "aws_security_group",
                    "depends_on": [
                        "aws_vpc.wp_vpc"
                    ],
                    "primary": {
                        "id": "sg-2a555754",
                        "attributes": {
                            "description": "Used by elastic load balancer for public access",
                            "egress.#": "1",
                            "egress.482069346.cidr_blocks.#": "1",
                            "egress.482069346.cidr_blocks.0": "0.0.0.0/0",
                            "egress.482069346.description": "",
                            "egress.482069346.from_port": "0",
                            "egress.482069346.ipv6_cidr_blocks.#": "0",
                            "egress.482069346.prefix_list_ids.#": "0",
                            "egress.482069346.protocol": "-1",
                            "egress.482069346.security_groups.#": "0",
                            "egress.482069346.self": "false",
                            "egress.482069346.to_port": "0",
                            "id": "sg-2a555754",
                            "ingress.#": "1",
                            "ingress.2214680975.cidr_blocks.#": "1",
                            "ingress.2214680975.cidr_blocks.0": "0.0.0.0/0",
                            "ingress.2214680975.description": "",
                            "ingress.2214680975.from_port": "80",
                            "ingress.2214680975.ipv6_cidr_blocks.#": "0",
                            "ingress.2214680975.protocol": "tcp",
                            "ingress.2214680975.security_groups.#": "0",
                            "ingress.2214680975.self": "false",
                            "ingress.2214680975.to_port": "80",
                            "name": "wp_public_sg",
                            "owner_id": "985613799520",
                            "revoke_rules_on_delete": "false",
                            "tags.%": "0",
                            "vpc_id": "vpc-949eb5ed"
                        },
                        "meta": {
                            "schema_version": "1"
                        },
                        "tainted": false
                    },
                    "deposed": [],
                    "provider": "provider.aws"
                },
                "aws_security_group.wp_rds_sg": {
                    "type": "aws_security_group",
                    "depends_on": [
                        "aws_security_group.wp_dev_sg",
                        "aws_security_group.wp_private_sg",
                        "aws_security_group.wp_public_sg",
                        "aws_vpc.wp_vpc"
                    ],
                    "primary": {
                        "id": "sg-9b595be5",
                        "attributes": {
                            "description": "Used by rds instance",
                            "egress.#": "0",
                            "id": "sg-9b595be5",
                            "ingress.#": "1",
                            "ingress.958807596.cidr_blocks.#": "0",
                            "ingress.958807596.description": "",
                            "ingress.958807596.from_port": "3306",
                            "ingress.958807596.ipv6_cidr_blocks.#": "0",
                            "ingress.958807596.protocol": "tcp",
                            "ingress.958807596.security_groups.#": "3",
                            "ingress.958807596.security_groups.2414662192": "sg-b8585ac6",
                            "ingress.958807596.security_groups.4274618591": "sg-2a555754",
                            "ingress.958807596.security_groups.4289095195": "sg-dd5b59a3",
                            "ingress.958807596.self": "false",
                            "ingress.958807596.to_port": "3306",
                            "name": "wp_rds_sg",
                            "owner_id": "985613799520",
                            "revoke_rules_on_delete": "false",
                            "tags.%": "0",
                            "vpc_id": "vpc-949eb5ed"
                        },
                        "meta": {
                            "schema_version": "1"
                        },
                        "tainted": false
                    },
                    "deposed": [],
                    "provider": "provider.aws"
                },
                "aws_subnet.wp_private1_subnet": {
                    "type": "aws_subnet",
                    "depends_on": [
                        "aws_vpc.wp_vpc",
                        "data.aws_availability_zones.available"
                    ],
                    "primary": {
                        "id": "subnet-0a893d41",
                        "attributes": {
                            "assign_ipv6_address_on_creation": "false",
                            "availability_zone": "us-west-2a",
                            "cidr_block": "10.0.2.0/24",
                            "id": "subnet-0a893d41",
                            "map_public_ip_on_launch": "false",
                            "tags.%": "1",
                            "tags.Name": "wp_private1_subnet",
                            "vpc_id": "vpc-949eb5ed"
                        },
                        "meta": {
                            "schema_version": "1"
                        },
                        "tainted": false
                    },
                    "deposed": [],
                    "provider": "provider.aws"
                },
                "aws_subnet.wp_private2_subnet": {
                    "type": "aws_subnet",
                    "depends_on": [
                        "aws_vpc.wp_vpc",
                        "data.aws_availability_zones.available"
                    ],
                    "primary": {
                        "id": "subnet-2a8f0553",
                        "attributes": {
                            "assign_ipv6_address_on_creation": "false",
                            "availability_zone": "us-west-2b",
                            "cidr_block": "10.0.3.0/24",
                            "id": "subnet-2a8f0553",
                            "map_public_ip_on_launch": "false",
                            "tags.%": "1",
                            "tags.Name": "wp_private2_subnet",
                            "vpc_id": "vpc-949eb5ed"
                        },
                        "meta": {
                            "schema_version": "1"
                        },
                        "tainted": false
                    },
                    "deposed": [],
                    "provider": "provider.aws"
                },
                "aws_subnet.wp_public1_subnet": {
                    "type": "aws_subnet",
                    "depends_on": [
                        "aws_vpc.wp_vpc",
                        "data.aws_availability_zones.available"
                    ],
                    "primary": {
                        "id": "subnet-858a3ece",
                        "attributes": {
                            "assign_ipv6_address_on_creation": "false",
                            "availability_zone": "us-west-2a",
                            "cidr_block": "10.0.0.0/24",
                            "id": "subnet-858a3ece",
                            "map_public_ip_on_launch": "true",
                            "tags.%": "1",
                            "tags.Name": "wp_public1_subnet",
                            "vpc_id": "vpc-949eb5ed"
                        },
                        "meta": {
                            "schema_version": "1"
                        },
                        "tainted": false
                    },
                    "deposed": [],
                    "provider": "provider.aws"
                },
                "aws_subnet.wp_public2_subnet": {
                    "type": "aws_subnet",
                    "depends_on": [
                        "aws_vpc.wp_vpc",
                        "data.aws_availability_zones.available"
                    ],
                    "primary": {
                        "id": "subnet-0b830972",
                        "attributes": {
                            "assign_ipv6_address_on_creation": "false",
                            "availability_zone": "us-west-2b",
                            "cidr_block": "10.0.1.0/24",
                            "id": "subnet-0b830972",
                            "map_public_ip_on_launch": "true",
                            "tags.%": "1",
                            "tags.Name": "wp_public2_subnet",
                            "vpc_id": "vpc-949eb5ed"
                        },
                        "meta": {
                            "schema_version": "1"
                        },
                        "tainted": false
                    },
                    "deposed": [],
                    "provider": "provider.aws"
                },
                "aws_subnet.wp_rds1_subnet": {
                    "type": "aws_subnet",
                    "depends_on": [
                        "aws_vpc.wp_vpc",
                        "data.aws_availability_zones.available"
                    ],
                    "primary": {
                        "id": "subnet-4f8a3e04",
                        "attributes": {
                            "assign_ipv6_address_on_creation": "false",
                            "availability_zone": "us-west-2a",
                            "cidr_block": "10.0.4.0/24",
                            "id": "subnet-4f8a3e04",
                            "map_public_ip_on_launch": "false",
                            "tags.%": "1",
                            "tags.Name": "wp_rds1_subnet",
                            "vpc_id": "vpc-949eb5ed"
                        },
                        "meta": {
                            "schema_version": "1"
                        },
                        "tainted": false
                    },
                    "deposed": [],
                    "provider": "provider.aws"
                },
                "aws_subnet.wp_rds2_subnet": {
                    "type": "aws_subnet",
                    "depends_on": [
                        "aws_vpc.wp_vpc",
                        "data.aws_availability_zones.available"
                    ],
                    "primary": {
                        "id": "subnet-ed8e0494",
                        "attributes": {
                            "assign_ipv6_address_on_creation": "false",
                            "availability_zone": "us-west-2b",
                            "cidr_block": "10.0.5.0/24",
                            "id": "subnet-ed8e0494",
                            "map_public_ip_on_launch": "false",
                            "tags.%": "1",
                            "tags.Name": "wp_rds2_subnet",
                            "vpc_id": "vpc-949eb5ed"
                        },
                        "meta": {
                            "schema_version": "1"
                        },
                        "tainted": false
                    },
                    "deposed": [],
                    "provider": "provider.aws"
                },
                "aws_subnet.wp_rds3_subnet": {
                    "type": "aws_subnet",
                    "depends_on": [
                        "aws_vpc.wp_vpc",
                        "data.aws_availability_zones.available"
                    ],
                    "primary": {
                        "id": "subnet-1efe9244",
                        "attributes": {
                            "assign_ipv6_address_on_creation": "false",
                            "availability_zone": "us-west-2c",
                            "cidr_block": "10.0.6.0/24",
                            "id": "subnet-1efe9244",
                            "map_public_ip_on_launch": "false",
                            "tags.%": "1",
                            "tags.Name": "wp_rds3_subnet",
                            "vpc_id": "vpc-949eb5ed"
                        },
                        "meta": {
                            "schema_version": "1"
                        },
                        "tainted": false
                    },
                    "deposed": [],
                    "provider": "provider.aws"
                },
                "aws_vpc.wp_vpc": {
                    "type": "aws_vpc",
                    "depends_on": [],
                    "primary": {
                        "id": "vpc-949eb5ed",
                        "attributes": {
                            "assign_generated_ipv6_cidr_block": "false",
                            "cidr_block": "10.0.0.0/16",
                            "default_network_acl_id": "acl-deae11a6",
                            "default_route_table_id": "rtb-00013678",
                            "default_security_group_id": "sg-9c5a58e2",
                            "dhcp_options_id": "dopt-5c806838",
                            "enable_classiclink": "false",
                            "enable_classiclink_dns_support": "false",
                            "enable_dns_hostnames": "true",
                            "enable_dns_support": "true",
                            "id": "vpc-949eb5ed",
                            "instance_tenancy": "default",
                            "main_route_table_id": "rtb-00013678",
                            "tags.%": "1",
                            "tags.Name": "wp_vpc"
                        },
                        "meta": {
                            "schema_version": "1"
                        },
                        "tainted": false
                    },
                    "deposed": [],
                    "provider": "provider.aws"
                },
                "aws_vpc_endpoint.wp_private-s3_endpoint": {
                    "type": "aws_vpc_endpoint",
                    "depends_on": [
                        "aws_route_table.wp_public_rt",
                        "aws_vpc.wp_vpc"
                    ],
                    "primary": {
                        "id": "vpce-66c40e0f",
                        "attributes": {
                            "cidr_blocks.#": "3",
                            "cidr_blocks.0": "54.231.160.0/19",
                            "cidr_blocks.1": "52.218.128.0/17",
                            "cidr_blocks.2": "52.92.32.0/22",
                            "id": "vpce-66c40e0f",
                            "policy": "{\"Statement\":[{\"Action\":\"*\",\"Effect\":\"Allow\",\"Principal\":\"*\",\"Resource\":\"*\"}],\"Version\":\"2008-10-17\"}",
                            "prefix_list_id": "pl-68a54001",
                            "route_table_ids.#": "2",
                            "route_table_ids.1912094573": "rtb-570d3a2f",
                            "route_table_ids.2484862911": "rtb-00013678",
                            "service_name": "com.amazonaws.us-west-2.s3",
                            "vpc_id": "vpc-949eb5ed"
                        },
                        "meta": {},
                        "tainted": false
                    },
                    "deposed": [],
                    "provider": "provider.aws"
                },
                "data.aws_availability_zones.available": {
                    "type": "aws_availability_zones",
                    "depends_on": [],
                    "primary": {
                        "id": "2018-05-09 03:07:26.008638202 +0000 UTC",
                        "attributes": {
                            "id": "2018-05-09 03:07:26.008638202 +0000 UTC",
                            "names.#": "3",
                            "names.0": "us-west-2a",
                            "names.1": "us-west-2b",
                            "names.2": "us-west-2c"
                        },
                        "meta": {},
                        "tainted": false
                    },
                    "deposed": [],
                    "provider": "provider.aws"
                },
                "random_id.golden_ami": {
                    "type": "random_id",
                    "depends_on": [],
                    "primary": {
                        "id": "SmtV",
                        "attributes": {
                            "b64": "SmtV",
                            "b64_std": "SmtV",
                            "b64_url": "SmtV",
                            "byte_length": "3",
                            "dec": "4877141",
                            "hex": "4a6b55",
                            "id": "SmtV"
                        },
                        "meta": {},
                        "tainted": false
                    },
                    "deposed": [],
                    "provider": "provider.random"
                },
                "random_id.wp_code_bucket": {
                    "type": "random_id",
                    "depends_on": [],
                    "primary": {
                        "id": "25M",
                        "attributes": {
                            "b64": "25M",
                            "b64_std": "25M=",
                            "b64_url": "25M",
                            "byte_length": "2",
                            "dec": "56211",
                            "hex": "db93",
                            "id": "25M"
                        },
                        "meta": {},
                        "tainted": false
                    },
                    "deposed": [],
                    "provider": "provider.random"
                }
            },
            "depends_on": []
        }
    ]
}
